Microsoft Visual Studio Solution File, Format Version 12.00
# Visual Studio Version 17
VisualStudioVersion = 17.5.2.0
MinimumVisualStudioVersion = 10.0.40219.1
Project("{FAE04EC0-301F-11D3-BF4B-00C04F79EFBC}") = "LibsterFinalProj", "LibsterFinalProj.csproj", "{2C2B549A-75A0-43BC-0563-AC44BE6A983B}"
EndProject
Global
	GlobalSection(SolutionConfigurationPlatforms) = preSolution
		Debug|Any CPU = Debug|Any CPU
		Release|Any CPU = Release|Any CPU
	EndGlobalSection
	GlobalSection(ProjectConfigurationPlatforms) = postSolution
		{2C2B549A-75A0-43BC-0563-AC44BE6A983B}.Debug|Any CPU.ActiveCfg = Debug|Any CPU
		{2C2B549A-75A0-43BC-0563-AC44BE6A983B}.Debug|Any CPU.Build.0 = Debug|Any CPU
		{2C2B549A-75A0-43BC-0563-AC44BE6A983B}.Release|Any CPU.ActiveCfg = Release|Any CPU
		{2C2B549A-75A0-43BC-0563-AC44BE6A983B}.Release|Any CPU.Build.0 = Release|Any CPU
	EndGlobalSection
	GlobalSection(SolutionProperties) = preSolution
		HideSolutionNode = FALSE
	EndGlobalSection
	GlobalSection(ExtensibilityGlobals) = postSolution
		SolutionGuid = {2DB8C375-5903-4068-874C-ADD1B21F95AB}
	EndGlobalSection
EndGlobal
